PODS:
  - device_info_plus (0.0.1):
    - Flutter
  - Flutter (1.0.0)
  - flutter_foreground_task (0.0.1):
    - Flutter
  - flutter_webrtc (0.9.31):
    - Flutter
    - WebRTC-SDK (= 104.5112.17)
  - maps_launcher (0.0.1):
    - Flutter
  - path_provider_foundation (0.0.1):
    - Flutter
    - FlutterMacOS
  - permission_handler_apple (9.1.1):
    - Flutter
  - shared_preferences_foundation (0.0.1):
    - Flutter
    - FlutterMacOS
  - speech_to_text (0.0.1):
    - Flutter
    - Try
  - Stripe (23.12.0):
    - StripeApplePay (= 23.12.0)
    - StripeCore (= 23.12.0)
    - StripePayments (= 23.12.0)
    - StripePaymentsUI (= 23.12.0)
    - StripeUICore (= 23.12.0)
  - stripe_ios (0.0.1):
    - Flutter
    - Stripe (~> 23.12.0)
    - StripeApplePay (~> 23.12.0)
    - StripeFinancialConnections (~> 23.12.0)
    - StripePayments (~> 23.12.0)
    - StripePaymentSheet (~> 23.12.0)
    - StripePaymentsUI (~> 23.12.0)
  - StripeApplePay (23.12.0):
    - StripeCore (= 23.12.0)
  - StripeCore (23.12.0)
  - StripeFinancialConnections (23.12.0):
    - StripeCore (= 23.12.0)
    - StripeUICore (= 23.12.0)
  - StripePayments (23.12.0):
    - StripeCore (= 23.12.0)
    - StripePayments/Stripe3DS2 (= 23.12.0)
  - StripePayments/Stripe3DS2 (23.12.0):
    - StripeCore (= 23.12.0)
  - StripePaymentSheet (23.12.0):
    - StripeApplePay (= 23.12.0)
    - StripeCore (= 23.12.0)
    - StripePayments (= 23.12.0)
    - StripePaymentsUI (= 23.12.0)
  - StripePaymentsUI (23.12.0):
    - StripeCore (= 23.12.0)
    - StripePayments (= 23.12.0)
    - StripeUICore (= 23.12.0)
  - StripeUICore (23.12.0):
    - StripeCore (= 23.12.0)
  - touch_ripple_effect (0.0.1):
    - Flutter
  - Try (2.1.1)
  - url_launcher_ios (0.0.1):
    - Flutter
  - videosdk (0.0.1):
    - Flutter
  - WebRTC-SDK (104.5112.17)

DEPENDENCIES:
  - device_info_plus (from `.symlinks/plugins/device_info_plus/ios`)
  - Flutter (from `Flutter`)
  - flutter_foreground_task (from `.symlinks/plugins/flutter_foreground_task/ios`)
  - flutter_webrtc (from `.symlinks/plugins/flutter_webrtc/ios`)
  - maps_launcher (from `.symlinks/plugins/maps_launcher/ios`)
  - path_provider_foundation (from `.symlinks/plugins/path_provider_foundation/darwin`)
  - permission_handler_apple (from `.symlinks/plugins/permission_handler_apple/ios`)
  - shared_preferences_foundation (from `.symlinks/plugins/shared_preferences_foundation/darwin`)
  - speech_to_text (from `.symlinks/plugins/speech_to_text/ios`)
  - stripe_ios (from `.symlinks/plugins/stripe_ios/ios`)
  - touch_ripple_effect (from `.symlinks/plugins/touch_ripple_effect/ios`)
  - url_launcher_ios (from `.symlinks/plugins/url_launcher_ios/ios`)
  - videosdk (from `.symlinks/plugins/videosdk/ios`)

SPEC REPOS:
  trunk:
    - Stripe
    - StripeApplePay
    - StripeCore
    - StripeFinancialConnections
    - StripePayments
    - StripePaymentSheet
    - StripePaymentsUI
    - StripeUICore
    - Try
    - WebRTC-SDK

EXTERNAL SOURCES:
  device_info_plus:
    :path: ".symlinks/plugins/device_info_plus/ios"
  Flutter:
    :path: Flutter
  flutter_foreground_task:
    :path: ".symlinks/plugins/flutter_foreground_task/ios"
  flutter_webrtc:
    :path: ".symlinks/plugins/flutter_webrtc/ios"
  maps_launcher:
    :path: ".symlinks/plugins/maps_launcher/ios"
  path_provider_foundation:
    :path: ".symlinks/plugins/path_provider_foundation/darwin"
  permission_handler_apple:
    :path: ".symlinks/plugins/permission_handler_apple/ios"
  shared_preferences_foundation:
    :path: ".symlinks/plugins/shared_preferences_foundation/darwin"
  speech_to_text:
    :path: ".symlinks/plugins/speech_to_text/ios"
  stripe_ios:
    :path: ".symlinks/plugins/stripe_ios/ios"
  touch_ripple_effect:
    :path: ".symlinks/plugins/touch_ripple_effect/ios"
  url_launcher_ios:
    :path: ".symlinks/plugins/url_launcher_ios/ios"
  videosdk:
    :path: ".symlinks/plugins/videosdk/ios"

SPEC CHECKSUMS:
  device_info_plus: 7545d84d8d1b896cb16a4ff98c19f07ec4b298ea
  Flutter: f04841e97a9d0b0a8025694d0796dd46242b2854
  flutter_foreground_task: 21ef182ab0a29a3005cc72cd70e5f45cb7f7f817
  flutter_webrtc: 02c023207f972145a3bc8c7aada86754f264d563
  maps_launcher: 2e5b6a2d664ec6c27f82ffa81b74228d770ab203
  path_provider_foundation: 29f094ae23ebbca9d3d0cec13889cd9060c0e943
  permission_handler_apple: e76247795d700c14ea09e3a2d8855d41ee80a2e6
  shared_preferences_foundation: 5b919d13b803cadd15ed2dc053125c68730e5126
  speech_to_text: b43a7d99aef037bd758ed8e45d79bbac035d2dfe
  Stripe: 15fad81ffb8d553d77ff504a6d50d47b9028bed0
  stripe_ios: 872ce75ce051b4070d061a185c8b7b67323c9f30
  StripeApplePay: 871274acfa7a96650ea8a697c288c54b8288fb6e
  StripeCore: 7b08fd286e8f8f5336eb725bc7ed1d2a4705cdc4
  StripeFinancialConnections: 561831507db3d383be3933a3979f1b9d287a15e7
  StripePayments: 081e01e73762852ccf3e662202d5dd4107634058
  StripePaymentSheet: ec04397e9223c86a87be8b348cdbcf2075dd7a16
  StripePaymentsUI: 3dae7fed9b148b2749dff622ece45f9b441b88ce
  StripeUICore: 4a76fa59cab679e1b2fe1ad37d6b08c5bf2ada54
  touch_ripple_effect: 5b850cbec069237959ef95e7e81e7ee7f934ac76
  Try: 5ef669ae832617b3cee58cb2c6f99fb767a4ff96
  url_launcher_ios: 08a3dfac5fb39e8759aeb0abbd5d9480f30fc8b4
  videosdk: a23c2981afcefd8ac781c7778d39669282441093
  WebRTC-SDK: 082ae4893212534a779ca233f19a9df8efd5f3bd

PODFILE CHECKSUM: f7ac5680a0fe75d3db6fc95af7b2eb3600be64e7

COCOAPODS: 1.12.1
